
Microsoft Visual Studio Solution File, Format Version 12.00
# Visual Studio 15
VisualStudioVersion = 15.0.28307.168
MinimumVisualStudioVersion = 10.0.40219.1
Project("{FAE04EC0-301F-11D3-BF4B-00C04F79EFBC}") = "Server", "Server\Server.csproj", "{95792C1C-E43E-48B7-BB8B-374E7CA4FC5E}"
EndProject
Project("{FAE04EC0-301F-11D3-BF4B-00C04F79EFBC}") = "Client", "Client\Client.csproj", "{8BEEF880-5D91-46A5-B0C7-0401E9CA80DC}"
EndProject
Project("{FAE04EC0-301F-11D3-BF4B-00C04F79EFBC}") = "ClientConsole", "ClientLauncherConsole\ClientConsole.csproj", "{3A159C40-AFDD-46B0-9E45-539D93EC7710}"
EndProject
Project("{FAE04EC0-301F-11D3-BF4B-00C04F79EFBC}") = "ServerService", "ServerLauncherConsole\ServerService.csproj", "{1B6FA203-E12A-41DB-9336-4329C959214F}"
EndProject
Project("{FAE04EC0-301F-11D3-BF4B-00C04F79EFBC}") = "Core", "Core\Core.csproj", "{378C0B9B-7B6B-40F2-A466-7D0C51372B8C}"
EndProject
Global
	GlobalSection(SolutionConfigurationPlatforms) = preSolution
		Debug|Any CPU = Debug|Any CPU
		Release|Any CPU = Release|Any CPU
	EndGlobalSection
	GlobalSection(ProjectConfigurationPlatforms) = postSolution
		{95792C1C-E43E-48B7-BB8B-374E7CA4FC5E}.Debug|Any CPU.ActiveCfg = Debug|Any CPU
		{95792C1C-E43E-48B7-BB8B-374E7CA4FC5E}.Debug|Any CPU.Build.0 = Debug|Any CPU
		{95792C1C-E43E-48B7-BB8B-374E7CA4FC5E}.Release|Any CPU.ActiveCfg = Release|Any CPU
		{95792C1C-E43E-48B7-BB8B-374E7CA4FC5E}.Release|Any CPU.Build.0 = Release|Any CPU
		{8BEEF880-5D91-46A5-B0C7-0401E9CA80DC}.Debug|Any CPU.ActiveCfg = Debug|Any CPU
		{8BEEF880-5D91-46A5-B0C7-0401E9CA80DC}.Debug|Any CPU.Build.0 = Debug|Any CPU
		{8BEEF880-5D91-46A5-B0C7-0401E9CA80DC}.Release|Any CPU.ActiveCfg = Release|Any CPU
		{8BEEF880-5D91-46A5-B0C7-0401E9CA80DC}.Release|Any CPU.Build.0 = Release|Any CPU
		{3A159C40-AFDD-46B0-9E45-539D93EC7710}.Debug|Any CPU.ActiveCfg = Debug|Any CPU
		{3A159C40-AFDD-46B0-9E45-539D93EC7710}.Debug|Any CPU.Build.0 = Debug|Any CPU
		{3A159C40-AFDD-46B0-9E45-539D93EC7710}.Release|Any CPU.ActiveCfg = Release|Any CPU
		{3A159C40-AFDD-46B0-9E45-539D93EC7710}.Release|Any CPU.Build.0 = Release|Any CPU
		{1B6FA203-E12A-41DB-9336-4329C959214F}.Debug|Any CPU.ActiveCfg = Debug|Any CPU
		{1B6FA203-E12A-41DB-9336-4329C959214F}.Debug|Any CPU.Build.0 = Debug|Any CPU
		{1B6FA203-E12A-41DB-9336-4329C959214F}.Release|Any CPU.ActiveCfg = Release|Any CPU
		{1B6FA203-E12A-41DB-9336-4329C959214F}.Release|Any CPU.Build.0 = Release|Any CPU
		{378C0B9B-7B6B-40F2-A466-7D0C51372B8C}.Debug|Any CPU.ActiveCfg = Debug|Any CPU
		{378C0B9B-7B6B-40F2-A466-7D0C51372B8C}.Debug|Any CPU.Build.0 = Debug|Any CPU
		{378C0B9B-7B6B-40F2-A466-7D0C51372B8C}.Release|Any CPU.ActiveCfg = Release|Any CPU
		{378C0B9B-7B6B-40F2-A466-7D0C51372B8C}.Release|Any CPU.Build.0 = Release|Any CPU
	EndGlobalSection
	GlobalSection(SolutionProperties) = preSolution
		HideSolutionNode = FALSE
	EndGlobalSection
	GlobalSection(ExtensibilityGlobals) = postSolution
		SolutionGuid = {8F349AC5-075F-4F60-8232-7C9C853B6320}
	EndGlobalSection
EndGlobal
